{
  "name": "openworker",
  "requires": true,
  "lockfileVersion": 1,
  "dependencies": {
    "@types/lodash": {
      "version": "4.14.161",
      "resolved": "https://registry.npmjs.org/@types/lodash/-/lodash-4.14.161.tgz",
      "integrity": "sha512-EP6O3Jkr7bXvZZSZYlsgt5DIjiGr0dXP1/jVEwVLTFgg0d+3lWVQkRavYVQszV7dYUwvg0B8R0MBDpcmXg7XIA==",
      "dev": true
    }
  }
}
